<?xml version="1.0" encoding="utf-8"?>
<Project ToolsVersion="4.0" xmlns="http://schemas.microsoft.com/developer/msbuild/2003">
  <ItemGroup>
    <Filter Include="Fichiers sources">
      <UniqueIdentifier>{4FC737F1-C7A5-4376-A066-2A32D752A2FF}</UniqueIdentifier>
      <Extensions>cpp;c;cc;cxx;c++;cppm;ixx;def;odl;idl;hpj;bat;asm;asmx</Extensions>
    </Filter>
    <Filter Include="Fichiers d%27en-tête">
      <UniqueIdentifier>{93995380-89BD-4b04-88EB-625FBE52EBFB}</UniqueIdentifier>
      <Extensions>h;hh;hpp;hxx;h++;hm;inl;inc;ipp;xsd</Extensions>
    </Filter>
    <Filter Include="Fichiers de ressources">
      <UniqueIdentifier>{67DA6AB6-F800-4c08-8B7A-83BB121AAD01}</UniqueIdentifier>
      <Extensions>rc;ico;cur;bmp;dlg;rc2;rct;bin;rgs;gif;jpg;jpeg;jpe;resx;tiff;tif;png;wav;mfcribbon-ms</Extensions>
    </Filter>
    <Filter Include="iso_c">
      <UniqueIdentifier>{6de7b9d6-bfe0-4577-ad96-0daeb9f1c350}</UniqueIdentifier>
    </Filter>
    <Filter Include="wxfflmpeg">
      <UniqueIdentifier>{5ffdcbf6-160a-4fb0-9bbd-35e86e3e5de7}</UniqueIdentifier>
    </Filter>
    <Filter Include="wxfflmpeg\include">
      <UniqueIdentifier>{e1fcf0f5-5387-4809-9343-7a2416587c11}</UniqueIdentifier>
    </Filter>
    <Filter Include="wxfflmpeg\src">
      <UniqueIdentifier>{cd5a4862-5d91-4978-89c6-2d687b2c278b}</UniqueIdentifier>
    </Filter>
    <Filter Include="wxfflmpeg\Frame">
      <UniqueIdentifier>{1c1db31e-083c-4295-8ade-a6c34cf0d084}</UniqueIdentifier>
    </Filter>
  </ItemGroup>
  <ItemGroup>
    <ClCompile Include="ffmpeg_application.cpp">
      <Filter>Fichiers sources</Filter>
    </ClCompile>
    <ClCompile Include="win32\stdatomic.c">
      <Filter>iso_c</Filter>
    </ClCompile>
    <ClCompile Include="wxFFmpegView.cc">
      <Filter>wxfflmpeg\src</Filter>
    </ClCompile>
    <ClCompile Include="video.cc">
      <Filter>wxfflmpeg\src</Filter>
    </ClCompile>
    <ClCompile Include="shader.cc">
      <Filter>wxfflmpeg\src</Filter>
    </ClCompile>
    <ClCompile Include="movie.cc">
      <Filter>wxfflmpeg\src</Filter>
    </ClCompile>
    <ClCompile Include="glmanager.cc">
      <Filter>wxfflmpeg\src</Filter>
    </ClCompile>
    <ClCompile Include="wxffmpegFrame.cpp">
      <Filter>wxfflmpeg\Frame</Filter>
    </ClCompile>
    <ClCompile Include="audio.cc">
      <Filter>wxfflmpeg\src</Filter>
    </ClCompile>
    <ClCompile Include="ThumbnailViewerVideo.cpp">
      <Filter>wxfflmpeg\src</Filter>
    </ClCompile>
  </ItemGroup>
  <ItemGroup>
    <ClInclude Include="ffmpeg_application.h">
      <Filter>Fichiers d%27en-tête</Filter>
    </ClInclude>
    <ClInclude Include="win32\stdalign.h">
      <Filter>iso_c</Filter>
    </ClInclude>
    <ClInclude Include="win32\stdatomic.h">
      <Filter>iso_c</Filter>
    </ClInclude>
    <ClInclude Include="win32\threads.h">
      <Filter>iso_c</Filter>
    </ClInclude>
    <ClInclude Include="wxFFmpegView.h">
      <Filter>wxfflmpeg\include</Filter>
    </ClInclude>
    <ClInclude Include="video.h">
      <Filter>wxfflmpeg\include</Filter>
    </ClInclude>
    <ClInclude Include="shader.h">
      <Filter>wxfflmpeg\include</Filter>
    </ClInclude>
    <ClInclude Include="packet_queue.h">
      <Filter>wxfflmpeg\include</Filter>
    </ClInclude>
    <ClInclude Include="movie.h">
      <Filter>wxfflmpeg\include</Filter>
    </ClInclude>
    <ClInclude Include="glmanager.h">
      <Filter>wxfflmpeg\include</Filter>
    </ClInclude>
    <ClInclude Include="ffmpeg.h">
      <Filter>wxfflmpeg\include</Filter>
    </ClInclude>
    <ClInclude Include="chronons.h">
      <Filter>wxfflmpeg\include</Filter>
    </ClInclude>
    <ClInclude Include="audio.h">
      <Filter>wxfflmpeg\include</Filter>
    </ClInclude>
    <ClInclude Include="wxffmpegFrame.h">
      <Filter>wxfflmpeg\Frame</Filter>
    </ClInclude>
    <ClInclude Include="ThumbnailViewerVideo.h">
      <Filter>wxfflmpeg\include</Filter>
    </ClInclude>
  </ItemGroup>
</Project>