<?xml version="1.0" encoding="utf-8"?>
<Project ToolsVersion="4.0" xmlns="http://schemas.microsoft.com/developer/msbuild/2003">
  <ItemGroup>
    <Filter Include="Source Files">
      <UniqueIdentifier>{4FC737F1-C7A5-4376-A066-2A32D752A2FF}</UniqueIdentifier>
      <Extensions>cpp;c;cc;cxx;def;odl;idl;hpj;bat;asm;asmx</Extensions>
    </Filter>
    <Filter Include="Header Files">
      <UniqueIdentifier>{93995380-89BD-4b04-88EB-625FBE52EBFB}</UniqueIdentifier>
      <Extensions>h;hh;hpp;hxx;hm;inl;inc;xsd</Extensions>
    </Filter>
    <Filter Include="Resource Files">
      <UniqueIdentifier>{67DA6AB6-F800-4c08-8B7A-83BB121AAD01}</UniqueIdentifier>
      <Extensions>rc;ico;cur;bmp;dlg;rc2;rct;bin;rgs;gif;jpg;jpeg;jpe;resx;tiff;tif;png;wav;mfcribbon-ms</Extensions>
    </Filter>
    <Filter Include="x265">
      <UniqueIdentifier>{293dc9ff-634d-4faf-8ec1-7b653beca7b2}</UniqueIdentifier>
    </Filter>
    <Filter Include="x265\libde265">
      <UniqueIdentifier>{76b4c002-2017-4272-98a4-1936b4bf1f41}</UniqueIdentifier>
    </Filter>
    <Filter Include="x265\libde265\encoder">
      <UniqueIdentifier>{84b86547-6a56-49cb-a1c4-b107cc11d45a}</UniqueIdentifier>
    </Filter>
    <Filter Include="x265\libde265\encoder\algo">
      <UniqueIdentifier>{34094c03-d005-4e9f-a51f-976f0b54992c}</UniqueIdentifier>
    </Filter>
    <Filter Include="x265\libde265\x86">
      <UniqueIdentifier>{657ba427-2e4a-4b78-b37e-0213b6abeba4}</UniqueIdentifier>
    </Filter>
    <Filter Include="Extra">
      <UniqueIdentifier>{44891cad-809b-4db1-a42e-c2fa4b5d9c40}</UniqueIdentifier>
    </Filter>
  </ItemGroup>
  <ItemGroup>
    <Text Include="ReadMe.txt" />
  </ItemGroup>
  <ItemGroup>
    <ClCompile Include="libde265\alloc_pool.cc">
      <Filter>x265\libde265</Filter>
    </ClCompile>
    <ClCompile Include="libde265\bitstream.cc">
      <Filter>x265\libde265</Filter>
    </ClCompile>
    <ClCompile Include="libde265\cabac.cc">
      <Filter>x265\libde265</Filter>
    </ClCompile>
    <ClCompile Include="libde265\configparam.cc">
      <Filter>x265\libde265</Filter>
    </ClCompile>
    <ClCompile Include="libde265\contextmodel.cc">
      <Filter>x265\libde265</Filter>
    </ClCompile>
    <ClCompile Include="libde265\de265.cc">
      <Filter>x265\libde265</Filter>
    </ClCompile>
    <ClCompile Include="libde265\deblock.cc">
      <Filter>x265\libde265</Filter>
    </ClCompile>
    <ClCompile Include="libde265\decctx.cc">
      <Filter>x265\libde265</Filter>
    </ClCompile>
    <ClCompile Include="libde265\dpb.cc">
      <Filter>x265\libde265</Filter>
    </ClCompile>
    <ClCompile Include="libde265\en265.cc">
      <Filter>x265\libde265</Filter>
    </ClCompile>
    <ClCompile Include="libde265\fallback.cc">
      <Filter>x265\libde265</Filter>
    </ClCompile>
    <ClCompile Include="libde265\fallback-dct.cc">
      <Filter>x265\libde265</Filter>
    </ClCompile>
    <ClCompile Include="libde265\fallback-motion.cc">
      <Filter>x265\libde265</Filter>
    </ClCompile>
    <ClCompile Include="libde265\image.cc">
      <Filter>x265\libde265</Filter>
    </ClCompile>
    <ClCompile Include="libde265\image-io.cc">
      <Filter>x265\libde265</Filter>
    </ClCompile>
    <ClCompile Include="libde265\intrapred.cc">
      <Filter>x265\libde265</Filter>
    </ClCompile>
    <ClCompile Include="libde265\md5.cc">
      <Filter>x265\libde265</Filter>
    </ClCompile>
    <ClCompile Include="libde265\motion.cc">
      <Filter>x265\libde265</Filter>
    </ClCompile>
    <ClCompile Include="libde265\nal.cc">
      <Filter>x265\libde265</Filter>
    </ClCompile>
    <ClCompile Include="libde265\nal-parser.cc">
      <Filter>x265\libde265</Filter>
    </ClCompile>
    <ClCompile Include="libde265\pps.cc">
      <Filter>x265\libde265</Filter>
    </ClCompile>
    <ClCompile Include="libde265\quality.cc">
      <Filter>x265\libde265</Filter>
    </ClCompile>
    <ClCompile Include="libde265\refpic.cc">
      <Filter>x265\libde265</Filter>
    </ClCompile>
    <ClCompile Include="libde265\sao.cc">
      <Filter>x265\libde265</Filter>
    </ClCompile>
    <ClCompile Include="libde265\scan.cc">
      <Filter>x265\libde265</Filter>
    </ClCompile>
    <ClCompile Include="libde265\sei.cc">
      <Filter>x265\libde265</Filter>
    </ClCompile>
    <ClCompile Include="libde265\slice.cc">
      <Filter>x265\libde265</Filter>
    </ClCompile>
    <ClCompile Include="libde265\sps.cc">
      <Filter>x265\libde265</Filter>
    </ClCompile>
    <ClCompile Include="libde265\threads.cc">
      <Filter>x265\libde265</Filter>
    </ClCompile>
    <ClCompile Include="libde265\transform.cc">
      <Filter>x265\libde265</Filter>
    </ClCompile>
    <ClCompile Include="libde265\util.cc">
      <Filter>x265\libde265</Filter>
    </ClCompile>
    <ClCompile Include="libde265\vps.cc">
      <Filter>x265\libde265</Filter>
    </ClCompile>
    <ClCompile Include="libde265\vui.cc">
      <Filter>x265\libde265</Filter>
    </ClCompile>
    <ClCompile Include="libde265\visualize.cc">
      <Filter>x265\libde265</Filter>
    </ClCompile>
    <ClCompile Include="libde265\encoder\encoder-context.cc">
      <Filter>x265\libde265\encoder</Filter>
    </ClCompile>
    <ClCompile Include="libde265\encoder\encoder-core.cc">
      <Filter>x265\libde265\encoder</Filter>
    </ClCompile>
    <ClCompile Include="libde265\encoder\encoder-params.cc">
      <Filter>x265\libde265\encoder</Filter>
    </ClCompile>
    <ClCompile Include="libde265\encoder\encoder-syntax.cc">
      <Filter>x265\libde265\encoder</Filter>
    </ClCompile>
    <ClCompile Include="libde265\encoder\encoder-types.cc">
      <Filter>x265\libde265\encoder</Filter>
    </ClCompile>
    <ClCompile Include="libde265\encoder\encpicbuf.cc">
      <Filter>x265\libde265\encoder</Filter>
    </ClCompile>
    <ClCompile Include="libde265\encoder\sop.cc">
      <Filter>x265\libde265\encoder</Filter>
    </ClCompile>
    <ClCompile Include="libde265\encoder\algo\algo.cc">
      <Filter>x265\libde265\encoder\algo</Filter>
    </ClCompile>
    <ClCompile Include="libde265\encoder\algo\cb-interpartmode.cc">
      <Filter>x265\libde265\encoder\algo</Filter>
    </ClCompile>
    <ClCompile Include="libde265\encoder\algo\cb-intra-inter.cc">
      <Filter>x265\libde265\encoder\algo</Filter>
    </ClCompile>
    <ClCompile Include="libde265\encoder\algo\cb-intrapartmode.cc">
      <Filter>x265\libde265\encoder\algo</Filter>
    </ClCompile>
    <ClCompile Include="libde265\encoder\algo\cb-mergeindex.cc">
      <Filter>x265\libde265\encoder\algo</Filter>
    </ClCompile>
    <ClCompile Include="libde265\encoder\algo\cb-skip.cc">
      <Filter>x265\libde265\encoder\algo</Filter>
    </ClCompile>
    <ClCompile Include="libde265\encoder\algo\cb-split.cc">
      <Filter>x265\libde265\encoder\algo</Filter>
    </ClCompile>
    <ClCompile Include="libde265\encoder\algo\coding-options.cc">
      <Filter>x265\libde265\encoder\algo</Filter>
    </ClCompile>
    <ClCompile Include="libde265\encoder\algo\ctb-qscale.cc">
      <Filter>x265\libde265\encoder\algo</Filter>
    </ClCompile>
    <ClCompile Include="libde265\encoder\algo\pb-mv.cc">
      <Filter>x265\libde265\encoder\algo</Filter>
    </ClCompile>
    <ClCompile Include="libde265\encoder\algo\tb-intrapredmode.cc">
      <Filter>x265\libde265\encoder\algo</Filter>
    </ClCompile>
    <ClCompile Include="libde265\encoder\algo\tb-rateestim.cc">
      <Filter>x265\libde265\encoder\algo</Filter>
    </ClCompile>
    <ClCompile Include="libde265\encoder\algo\tb-split.cc">
      <Filter>x265\libde265\encoder\algo</Filter>
    </ClCompile>
    <ClCompile Include="libde265\encoder\algo\tb-transform.cc">
      <Filter>x265\libde265\encoder\algo</Filter>
    </ClCompile>
    <ClCompile Include="libde265\x86\sse.cc">
      <Filter>x265\libde265\x86</Filter>
    </ClCompile>
    <ClCompile Include="libde265\x86\sse-dct.cc">
      <Filter>x265\libde265\x86</Filter>
    </ClCompile>
    <ClCompile Include="libde265\x86\sse-motion.cc">
      <Filter>x265\libde265\x86</Filter>
    </ClCompile>
    <ClCompile Include="extra\getopt.c">
      <Filter>Extra</Filter>
    </ClCompile>
    <ClCompile Include="extra\getopt_long.c">
      <Filter>Extra</Filter>
    </ClCompile>
    <ClCompile Include="extra\win32cond.c">
      <Filter>Extra</Filter>
    </ClCompile>
    <ClCompile Include="libde265\encoder\encoder-intrapred.cc">
      <Filter>x265\libde265\encoder</Filter>
    </ClCompile>
    <ClCompile Include="libde265\encoder\encoder-motion.cc">
      <Filter>x265\libde265\encoder</Filter>
    </ClCompile>
  </ItemGroup>
</Project>