
Microsoft Visual Studio Solution File, Format Version 12.00
# Visual Studio 14
VisualStudioVersion = 14.0.25420.1
MinimumVisualStudioVersion = 10.0.40219.1
Project("{8BC9CEB8-8B4A-11D0-8D11-00A0C91BC942}") = "libbpg", "libbpg\libbpg.vcxproj", "{FE60B071-78E7-44FA-AB4C-B6D999AA8BC4}"
EndProject
Project("{8BC9CEB8-8B4A-11D0-8D11-00A0C91BC942}") = "libavutil", "libavutil\libavutil.vcxproj", "{E8B0D7F6-81E7-4E21-8830-E29F75CD35B3}"
EndProject
Project("{8BC9CEB8-8B4A-11D0-8D11-00A0C91BC942}") = "libavcodec", "libavcodec\libavcodec.vcxproj", "{BCEA1415-C333-4B79-9038-0B9EFD72A4F4}"
EndProject
Project("{8BC9CEB8-8B4A-11D0-8D11-00A0C91BC942}") = "Testlibbpg", "Testlibbpg\Testlibbpg.vcxproj", "{052DC1EA-8815-49EF-9502-C9E55DCC6E55}"
EndProject
Project("{8BC9CEB8-8B4A-11D0-8D11-00A0C91BC942}") = "getopt", "libgetopt\getopt.vcxproj", "{A2169BC8-CF99-40BF-83F3-B0E38F7067BD}"
EndProject
Project("{8BC9CEB8-8B4A-11D0-8D11-00A0C91BC942}") = "Dllbpg", "Dllbpg\Dllbpg.vcxproj", "{9D83FE59-48C2-430D-8FC9-25CA5BB575A8}"
EndProject
Global
	GlobalSection(SolutionConfigurationPlatforms) = preSolution
		Debug|Itanium = Debug|Itanium
		Debug|x64 = Debug|x64
		Debug|x86 = Debug|x86
		Release|Itanium = Release|Itanium
		Release|x64 = Release|x64
		Release|x86 = Release|x86
	EndGlobalSection
	GlobalSection(ProjectConfigurationPlatforms) = postSolution
		{FE60B071-78E7-44FA-AB4C-B6D999AA8BC4}.Debug|Itanium.ActiveCfg = Debug|Win32
		{FE60B071-78E7-44FA-AB4C-B6D999AA8BC4}.Debug|x64.ActiveCfg = Debug|x64
		{FE60B071-78E7-44FA-AB4C-B6D999AA8BC4}.Debug|x64.Build.0 = Debug|x64
		{FE60B071-78E7-44FA-AB4C-B6D999AA8BC4}.Debug|x86.ActiveCfg = Debug|Win32
		{FE60B071-78E7-44FA-AB4C-B6D999AA8BC4}.Debug|x86.Build.0 = Debug|Win32
		{FE60B071-78E7-44FA-AB4C-B6D999AA8BC4}.Release|Itanium.ActiveCfg = Release|Win32
		{FE60B071-78E7-44FA-AB4C-B6D999AA8BC4}.Release|x64.ActiveCfg = Release|x64
		{FE60B071-78E7-44FA-AB4C-B6D999AA8BC4}.Release|x64.Build.0 = Release|x64
		{FE60B071-78E7-44FA-AB4C-B6D999AA8BC4}.Release|x86.ActiveCfg = Release|Win32
		{FE60B071-78E7-44FA-AB4C-B6D999AA8BC4}.Release|x86.Build.0 = Release|Win32
		{E8B0D7F6-81E7-4E21-8830-E29F75CD35B3}.Debug|Itanium.ActiveCfg = Debug|Win32
		{E8B0D7F6-81E7-4E21-8830-E29F75CD35B3}.Debug|x64.ActiveCfg = Debug|x64
		{E8B0D7F6-81E7-4E21-8830-E29F75CD35B3}.Debug|x64.Build.0 = Debug|x64
		{E8B0D7F6-81E7-4E21-8830-E29F75CD35B3}.Debug|x86.ActiveCfg = Debug|Win32
		{E8B0D7F6-81E7-4E21-8830-E29F75CD35B3}.Debug|x86.Build.0 = Debug|Win32
		{E8B0D7F6-81E7-4E21-8830-E29F75CD35B3}.Release|Itanium.ActiveCfg = Release|Win32
		{E8B0D7F6-81E7-4E21-8830-E29F75CD35B3}.Release|x64.ActiveCfg = Release|x64
		{E8B0D7F6-81E7-4E21-8830-E29F75CD35B3}.Release|x64.Build.0 = Release|x64
		{E8B0D7F6-81E7-4E21-8830-E29F75CD35B3}.Release|x86.ActiveCfg = Release|Win32
		{E8B0D7F6-81E7-4E21-8830-E29F75CD35B3}.Release|x86.Build.0 = Release|Win32
		{BCEA1415-C333-4B79-9038-0B9EFD72A4F4}.Debug|Itanium.ActiveCfg = Debug|Win32
		{BCEA1415-C333-4B79-9038-0B9EFD72A4F4}.Debug|x64.ActiveCfg = Debug|x64
		{BCEA1415-C333-4B79-9038-0B9EFD72A4F4}.Debug|x64.Build.0 = Debug|x64
		{BCEA1415-C333-4B79-9038-0B9EFD72A4F4}.Debug|x86.ActiveCfg = Debug|Win32
		{BCEA1415-C333-4B79-9038-0B9EFD72A4F4}.Debug|x86.Build.0 = Debug|Win32
		{BCEA1415-C333-4B79-9038-0B9EFD72A4F4}.Release|Itanium.ActiveCfg = Release|Win32
		{BCEA1415-C333-4B79-9038-0B9EFD72A4F4}.Release|x64.ActiveCfg = Release|x64
		{BCEA1415-C333-4B79-9038-0B9EFD72A4F4}.Release|x64.Build.0 = Release|x64
		{BCEA1415-C333-4B79-9038-0B9EFD72A4F4}.Release|x86.ActiveCfg = Release|Win32
		{BCEA1415-C333-4B79-9038-0B9EFD72A4F4}.Release|x86.Build.0 = Release|Win32
		{052DC1EA-8815-49EF-9502-C9E55DCC6E55}.Debug|Itanium.ActiveCfg = Debug|Win32
		{052DC1EA-8815-49EF-9502-C9E55DCC6E55}.Debug|x64.ActiveCfg = Debug|x64
		{052DC1EA-8815-49EF-9502-C9E55DCC6E55}.Debug|x64.Build.0 = Debug|x64
		{052DC1EA-8815-49EF-9502-C9E55DCC6E55}.Debug|x86.ActiveCfg = Debug|Win32
		{052DC1EA-8815-49EF-9502-C9E55DCC6E55}.Debug|x86.Build.0 = Debug|Win32
		{052DC1EA-8815-49EF-9502-C9E55DCC6E55}.Release|Itanium.ActiveCfg = Release|Win32
		{052DC1EA-8815-49EF-9502-C9E55DCC6E55}.Release|x64.ActiveCfg = Release|x64
		{052DC1EA-8815-49EF-9502-C9E55DCC6E55}.Release|x64.Build.0 = Release|x64
		{052DC1EA-8815-49EF-9502-C9E55DCC6E55}.Release|x86.ActiveCfg = Release|Win32
		{052DC1EA-8815-49EF-9502-C9E55DCC6E55}.Release|x86.Build.0 = Release|Win32
		{A2169BC8-CF99-40BF-83F3-B0E38F7067BD}.Debug|Itanium.ActiveCfg = Debug|Win32
		{A2169BC8-CF99-40BF-83F3-B0E38F7067BD}.Debug|x64.ActiveCfg = Debug|x64
		{A2169BC8-CF99-40BF-83F3-B0E38F7067BD}.Debug|x64.Build.0 = Debug|x64
		{A2169BC8-CF99-40BF-83F3-B0E38F7067BD}.Debug|x86.ActiveCfg = Debug|Win32
		{A2169BC8-CF99-40BF-83F3-B0E38F7067BD}.Debug|x86.Build.0 = Debug|Win32
		{A2169BC8-CF99-40BF-83F3-B0E38F7067BD}.Release|Itanium.ActiveCfg = Release|Win32
		{A2169BC8-CF99-40BF-83F3-B0E38F7067BD}.Release|x64.ActiveCfg = Release|x64
		{A2169BC8-CF99-40BF-83F3-B0E38F7067BD}.Release|x64.Build.0 = Release|x64
		{A2169BC8-CF99-40BF-83F3-B0E38F7067BD}.Release|x86.ActiveCfg = Release|Win32
		{A2169BC8-CF99-40BF-83F3-B0E38F7067BD}.Release|x86.Build.0 = Release|Win32
		{9D83FE59-48C2-430D-8FC9-25CA5BB575A8}.Debug|Itanium.ActiveCfg = Debug|Win32
		{9D83FE59-48C2-430D-8FC9-25CA5BB575A8}.Debug|x64.ActiveCfg = Debug|x64
		{9D83FE59-48C2-430D-8FC9-25CA5BB575A8}.Debug|x64.Build.0 = Debug|x64
		{9D83FE59-48C2-430D-8FC9-25CA5BB575A8}.Debug|x86.ActiveCfg = Debug|Win32
		{9D83FE59-48C2-430D-8FC9-25CA5BB575A8}.Debug|x86.Build.0 = Debug|Win32
		{9D83FE59-48C2-430D-8FC9-25CA5BB575A8}.Release|Itanium.ActiveCfg = Release|Win32
		{9D83FE59-48C2-430D-8FC9-25CA5BB575A8}.Release|x64.ActiveCfg = Release|x64
		{9D83FE59-48C2-430D-8FC9-25CA5BB575A8}.Release|x64.Build.0 = Release|x64
		{9D83FE59-48C2-430D-8FC9-25CA5BB575A8}.Release|x86.ActiveCfg = Release|Win32
		{9D83FE59-48C2-430D-8FC9-25CA5BB575A8}.Release|x86.Build.0 = Release|Win32
	EndGlobalSection
	GlobalSection(SolutionProperties) = preSolution
		HideSolutionNode = FALSE
	EndGlobalSection
EndGlobal
