<?xml version="1.0" encoding="utf-8"?>
<Project ToolsVersion="4.0" xmlns="http://schemas.microsoft.com/developer/msbuild/2003">
  <ItemGroup>
    <Filter Include="Fichiers sources">
      <UniqueIdentifier>{4FC737F1-C7A5-4376-A066-2A32D752A2FF}</UniqueIdentifier>
      <Extensions>cpp;c;cc;cxx;def;odl;idl;hpj;bat;asm;asmx</Extensions>
    </Filter>
    <Filter Include="Fichiers d%27en-tête">
      <UniqueIdentifier>{93995380-89BD-4b04-88EB-625FBE52EBFB}</UniqueIdentifier>
      <Extensions>h;hh;hpp;hxx;hm;inl;inc;xsd</Extensions>
    </Filter>
    <Filter Include="Fichiers de ressources">
      <UniqueIdentifier>{67DA6AB6-F800-4c08-8B7A-83BB121AAD01}</UniqueIdentifier>
      <Extensions>rc;ico;cur;bmp;dlg;rc2;rct;bin;rgs;gif;jpg;jpeg;jpe;resx;tiff;tif;png;wav;mfcribbon-ms</Extensions>
    </Filter>
    <Filter Include="Configuration">
      <UniqueIdentifier>{948e2cd0-2003-4dc5-a5a0-6ede8766feca}</UniqueIdentifier>
    </Filter>
    <Filter Include="Process">
      <UniqueIdentifier>{dbe85cab-6224-4bbc-a6d9-b35c67a9e668}</UniqueIdentifier>
    </Filter>
    <Filter Include="Picture Save Option">
      <UniqueIdentifier>{a3933aee-cede-4ba9-b8be-64c2331cf5cb}</UniqueIdentifier>
    </Filter>
    <Filter Include="Export file">
      <UniqueIdentifier>{0f6f9183-d4b0-41c0-a344-5e120f86eca5}</UniqueIdentifier>
    </Filter>
    <Filter Include="Compression">
      <UniqueIdentifier>{bd6e5f49-3431-46e7-ab9e-7bb7421bfdab}</UniqueIdentifier>
    </Filter>
    <Filter Include="ChangeLabel">
      <UniqueIdentifier>{289c9075-c58a-4495-b060-027574fe439b}</UniqueIdentifier>
    </Filter>
    <Filter Include="MoveFace">
      <UniqueIdentifier>{86d130e8-c54f-4ec1-ad85-ee23d563aeaa}</UniqueIdentifier>
    </Filter>
    <Filter Include="Pertinence">
      <UniqueIdentifier>{3b1e8ead-661b-4a4c-b2e6-1e4c75b15dfe}</UniqueIdentifier>
    </Filter>
    <Filter Include="Index Generator">
      <UniqueIdentifier>{298c6f68-cfed-4a98-8fd6-77592129f443}</UniqueIdentifier>
    </Filter>
    <Filter Include="SavePicture">
      <UniqueIdentifier>{67843608-65e6-4ab1-9ed0-76c15e29da16}</UniqueIdentifier>
    </Filter>
    <Filter Include="OpenCL">
      <UniqueIdentifier>{1b34044e-3a98-45ac-9cf0-c43503ec730c}</UniqueIdentifier>
    </Filter>
    <Filter Include="InterpolationFiltre">
      <UniqueIdentifier>{ffcf16eb-5edf-45a1-a29d-3be4c4de4ce6}</UniqueIdentifier>
    </Filter>
  </ItemGroup>
  <ItemGroup>
    <Text Include="ReadMe.txt" />
  </ItemGroup>
  <ItemGroup>
    <ClCompile Include="CopyFileDlg.cpp">
      <Filter>Process</Filter>
    </ClCompile>
    <ClCompile Include="ConfigRegards.cpp">
      <Filter>Configuration</Filter>
    </ClCompile>
    <ClCompile Include="GifOption.cpp">
      <Filter>Picture Save Option</Filter>
    </ClCompile>
    <ClCompile Include="JpegOption.cpp">
      <Filter>Picture Save Option</Filter>
    </ClCompile>
    <ClCompile Include="PngOption.cpp">
      <Filter>Picture Save Option</Filter>
    </ClCompile>
    <ClCompile Include="TiffOption.cpp">
      <Filter>Picture Save Option</Filter>
    </ClCompile>
    <ClCompile Include="ExportFile.cpp">
      <Filter>Export file</Filter>
    </ClCompile>
    <ClCompile Include="CompressionOption.cpp">
      <Filter>Compression</Filter>
    </ClCompile>
    <ClCompile Include="webpOption.cpp">
      <Filter>Picture Save Option</Filter>
    </ClCompile>
    <ClCompile Include="bpgoption.cpp">
      <Filter>Picture Save Option</Filter>
    </ClCompile>
    <ClCompile Include="ChangeLabel.cpp">
      <Filter>ChangeLabel</Filter>
    </ClCompile>
    <ClCompile Include="MoveFaceDialog.cpp">
      <Filter>MoveFace</Filter>
    </ClCompile>
    <ClCompile Include="PertinenceValue.cpp">
      <Filter>Pertinence</Filter>
    </ClCompile>
    <ClCompile Include="IndexGenerator.cpp">
      <Filter>Index Generator</Filter>
    </ClCompile>
    <ClCompile Include="..\include\header.cpp">
      <Filter>Fichiers sources</Filter>
    </ClCompile>
    <ClCompile Include="SavePicture.cpp">
      <Filter>SavePicture</Filter>
    </ClCompile>
    <ClCompile Include="OpenCLDialog.cpp">
      <Filter>OpenCL</Filter>
    </ClCompile>
    <ClCompile Include="InterpolationFilterSelect.cpp">
      <Filter>InterpolationFiltre</Filter>
    </ClCompile>
  </ItemGroup>
  <ItemGroup>
    <ClInclude Include="CopyFileDlg.h">
      <Filter>Process</Filter>
    </ClInclude>
    <ClInclude Include="wx_pch.h">
      <Filter>Fichiers d%27en-tête</Filter>
    </ClInclude>
    <ClInclude Include="ConfigRegards.h">
      <Filter>Configuration</Filter>
    </ClInclude>
    <ClInclude Include="GifOption.h">
      <Filter>Picture Save Option</Filter>
    </ClInclude>
    <ClInclude Include="JpegOption.h">
      <Filter>Picture Save Option</Filter>
    </ClInclude>
    <ClInclude Include="PngOption.h">
      <Filter>Picture Save Option</Filter>
    </ClInclude>
    <ClInclude Include="TiffOption.h">
      <Filter>Picture Save Option</Filter>
    </ClInclude>
    <ClInclude Include="ExportFile.h">
      <Filter>Export file</Filter>
    </ClInclude>
    <ClInclude Include="CompressionOption.h">
      <Filter>Compression</Filter>
    </ClInclude>
    <ClInclude Include="webpOption.h">
      <Filter>Picture Save Option</Filter>
    </ClInclude>
    <ClInclude Include="bpgoption.h">
      <Filter>Picture Save Option</Filter>
    </ClInclude>
    <ClInclude Include="ChangeLabel.h">
      <Filter>ChangeLabel</Filter>
    </ClInclude>
    <ClInclude Include="MoveFaceDialog.h">
      <Filter>MoveFace</Filter>
    </ClInclude>
    <ClInclude Include="PertinenceValue.h">
      <Filter>Pertinence</Filter>
    </ClInclude>
    <ClInclude Include="IndexGenerator.h">
      <Filter>Index Generator</Filter>
    </ClInclude>
    <ClInclude Include="..\include\header.h">
      <Filter>Fichiers d%27en-tête</Filter>
    </ClInclude>
    <ClInclude Include="SavePicture.h">
      <Filter>SavePicture</Filter>
    </ClInclude>
    <ClInclude Include="OpenCLDialog.h">
      <Filter>OpenCL</Filter>
    </ClInclude>
    <ClInclude Include="InterpolationFilterSelect.h">
      <Filter>InterpolationFiltre</Filter>
    </ClInclude>
  </ItemGroup>
</Project>