<?xml version="1.0" encoding="utf-8"?>
<Project ToolsVersion="4.0" xmlns="http://schemas.microsoft.com/developer/msbuild/2003">
  <ItemGroup>
    <Filter Include="Fichiers sources">
      <UniqueIdentifier>{4FC737F1-C7A5-4376-A066-2A32D752A2FF}</UniqueIdentifier>
      <Extensions>cpp;c;cc;cxx;def;odl;idl;hpj;bat;asm;asmx</Extensions>
    </Filter>
    <Filter Include="Fichiers d%27en-tête">
      <UniqueIdentifier>{93995380-89BD-4b04-88EB-625FBE52EBFB}</UniqueIdentifier>
      <Extensions>h;hh;hpp;hxx;hm;inl;inc;xsd</Extensions>
    </Filter>
    <Filter Include="Fichiers de ressources">
      <UniqueIdentifier>{67DA6AB6-F800-4c08-8B7A-83BB121AAD01}</UniqueIdentifier>
      <Extensions>rc;ico;cur;bmp;dlg;rc2;rct;bin;rgs;gif;jpg;jpeg;jpe;resx;tiff;tif;png;wav;mfcribbon-ms</Extensions>
    </Filter>
    <Filter Include="Main Application">
      <UniqueIdentifier>{c6bbe307-0df3-4cdb-87f5-918cb85b9223}</UniqueIdentifier>
    </Filter>
    <Filter Include="header">
      <UniqueIdentifier>{857bf104-fc30-4701-8d2c-87b12c811dac}</UniqueIdentifier>
    </Filter>
    <Filter Include="Viewer">
      <UniqueIdentifier>{515e45ed-77ee-405a-a32a-d915e1265d19}</UniqueIdentifier>
    </Filter>
    <Filter Include="Scanner">
      <UniqueIdentifier>{fc03ea6a-058c-4462-9808-7f5090b097fa}</UniqueIdentifier>
    </Filter>
    <Filter Include="Main">
      <UniqueIdentifier>{0818fc64-cdc3-4d3e-8855-b1ad6d159301}</UniqueIdentifier>
    </Filter>
  </ItemGroup>
  <ItemGroup>
    <Text Include="ReadMe.txt" />
  </ItemGroup>
  <ItemGroup>
    <ClInclude Include="ParamInit.h">
      <Filter>Fichiers d%27en-tête</Filter>
    </ClInclude>
    <ClInclude Include="ConfigParam.h">
      <Filter>Fichiers d%27en-tête</Filter>
    </ClInclude>
    <ClInclude Include="RegardsConfigParam.h">
      <Filter>Main Application</Filter>
    </ClInclude>
    <ClInclude Include="..\include\header.h">
      <Filter>header</Filter>
    </ClInclude>
    <ClInclude Include="ScannerParam.h">
      <Filter>Scanner</Filter>
    </ClInclude>
    <ClInclude Include="ScannerParamInit.h">
      <Filter>Scanner</Filter>
    </ClInclude>
    <ClInclude Include="ViewerParam.h">
      <Filter>Viewer</Filter>
    </ClInclude>
    <ClInclude Include="ViewerParamInit.h">
      <Filter>Viewer</Filter>
    </ClInclude>
    <ClInclude Include="MainParam.h">
      <Filter>Main</Filter>
    </ClInclude>
    <ClInclude Include="MainParamInit.h">
      <Filter>Main</Filter>
    </ClInclude>
  </ItemGroup>
  <ItemGroup>
    <ClCompile Include="ParamInit.cpp">
      <Filter>Fichiers sources</Filter>
    </ClCompile>
    <ClCompile Include="ConfigParam.cpp">
      <Filter>Fichiers sources</Filter>
    </ClCompile>
    <ClCompile Include="RegardsConfigParam.cpp">
      <Filter>Main Application</Filter>
    </ClCompile>
    <ClCompile Include="ScannerParam.cpp">
      <Filter>Scanner</Filter>
    </ClCompile>
    <ClCompile Include="ScannerParamInit.cpp">
      <Filter>Scanner</Filter>
    </ClCompile>
    <ClCompile Include="ViewerParam.cpp">
      <Filter>Viewer</Filter>
    </ClCompile>
    <ClCompile Include="ViewerParamInit.cpp">
      <Filter>Viewer</Filter>
    </ClCompile>
  </ItemGroup>
</Project>