<?xml version="1.0" encoding="utf-8"?>
<Project ToolsVersion="4.0" xmlns="http://schemas.microsoft.com/developer/msbuild/2003">
  <ItemGroup>
    <Filter Include="Fichiers sources">
      <UniqueIdentifier>{4FC737F1-C7A5-4376-A066-2A32D752A2FF}</UniqueIdentifier>
      <Extensions>cpp;c;cc;cxx;def;odl;idl;hpj;bat;asm;asmx</Extensions>
    </Filter>
    <Filter Include="Fichiers d%27en-tête">
      <UniqueIdentifier>{93995380-89BD-4b04-88EB-625FBE52EBFB}</UniqueIdentifier>
      <Extensions>h;hh;hpp;hxx;hm;inl;inc;ipp;xsd</Extensions>
    </Filter>
    <Filter Include="Fichiers de ressources">
      <UniqueIdentifier>{67DA6AB6-F800-4c08-8B7A-83BB121AAD01}</UniqueIdentifier>
      <Extensions>rc;ico;cur;bmp;dlg;rc2;rct;bin;rgs;gif;jpg;jpeg;jpe;resx;tiff;tif;png;wav;mfcribbon-ms</Extensions>
    </Filter>
  </ItemGroup>
  <ItemGroup>
    <ClInclude Include="bitstream.h">
      <Filter>Fichiers d%27en-tête</Filter>
    </ClInclude>
    <ClInclude Include="box.h">
      <Filter>Fichiers d%27en-tête</Filter>
    </ClInclude>
    <ClInclude Include="error.h">
      <Filter>Fichiers d%27en-tête</Filter>
    </ClInclude>
    <ClInclude Include="heif.h">
      <Filter>Fichiers d%27en-tête</Filter>
    </ClInclude>
    <ClInclude Include="heif_api_structs.h">
      <Filter>Fichiers d%27en-tête</Filter>
    </ClInclude>
    <ClInclude Include="heif_avif.h">
      <Filter>Fichiers d%27en-tête</Filter>
    </ClInclude>
    <ClInclude Include="heif_colorconversion.h">
      <Filter>Fichiers d%27en-tête</Filter>
    </ClInclude>
    <ClInclude Include="heif_context.h">
      <Filter>Fichiers d%27en-tête</Filter>
    </ClInclude>
    <ClInclude Include="heif_cxx.h">
      <Filter>Fichiers d%27en-tête</Filter>
    </ClInclude>
    <ClInclude Include="heif_decoder_libde265.h">
      <Filter>Fichiers d%27en-tête</Filter>
    </ClInclude>
    <ClInclude Include="heif_emscripten.h">
      <Filter>Fichiers d%27en-tête</Filter>
    </ClInclude>
    <ClInclude Include="heif_encoder_x265.h">
      <Filter>Fichiers d%27en-tête</Filter>
    </ClInclude>
    <ClInclude Include="heif_file.h">
      <Filter>Fichiers d%27en-tête</Filter>
    </ClInclude>
    <ClInclude Include="heif_hevc.h">
      <Filter>Fichiers d%27en-tête</Filter>
    </ClInclude>
    <ClInclude Include="heif_image.h">
      <Filter>Fichiers d%27en-tête</Filter>
    </ClInclude>
    <ClInclude Include="heif_limits.h">
      <Filter>Fichiers d%27en-tête</Filter>
    </ClInclude>
    <ClInclude Include="heif_plugin.h">
      <Filter>Fichiers d%27en-tête</Filter>
    </ClInclude>
    <ClInclude Include="heif_plugin_registry.h">
      <Filter>Fichiers d%27en-tête</Filter>
    </ClInclude>
    <ClInclude Include="heif_version.h">
      <Filter>Fichiers d%27en-tête</Filter>
    </ClInclude>
    <ClInclude Include="logging.h">
      <Filter>Fichiers d%27en-tête</Filter>
    </ClInclude>
    <ClInclude Include="nclx.h">
      <Filter>Fichiers d%27en-tête</Filter>
    </ClInclude>
  </ItemGroup>
  <ItemGroup>
    <ClCompile Include="nclx.cc">
      <Filter>Fichiers sources</Filter>
    </ClCompile>
    <ClCompile Include="heif_plugin_registry.cc">
      <Filter>Fichiers sources</Filter>
    </ClCompile>
    <ClCompile Include="heif_plugin.cc">
      <Filter>Fichiers sources</Filter>
    </ClCompile>
    <ClCompile Include="heif_image.cc">
      <Filter>Fichiers sources</Filter>
    </ClCompile>
    <ClCompile Include="heif_hevc.cc">
      <Filter>Fichiers sources</Filter>
    </ClCompile>
    <ClCompile Include="heif_file.cc">
      <Filter>Fichiers sources</Filter>
    </ClCompile>
    <ClCompile Include="heif_encoder_x265.cc">
      <Filter>Fichiers sources</Filter>
    </ClCompile>
    <ClCompile Include="heif_decoder_libde265.cc">
      <Filter>Fichiers sources</Filter>
    </ClCompile>
    <ClCompile Include="heif_context.cc">
      <Filter>Fichiers sources</Filter>
    </ClCompile>
    <ClCompile Include="heif_colorconversion.cc">
      <Filter>Fichiers sources</Filter>
    </ClCompile>
    <ClCompile Include="heif_avif.cc">
      <Filter>Fichiers sources</Filter>
    </ClCompile>
    <ClCompile Include="heif.cc">
      <Filter>Fichiers sources</Filter>
    </ClCompile>
    <ClCompile Include="file_fuzzer.cc">
      <Filter>Fichiers sources</Filter>
    </ClCompile>
    <ClCompile Include="error.cc">
      <Filter>Fichiers sources</Filter>
    </ClCompile>
    <ClCompile Include="encoder_fuzzer.cc">
      <Filter>Fichiers sources</Filter>
    </ClCompile>
    <ClCompile Include="color_conversion_fuzzer.cc">
      <Filter>Fichiers sources</Filter>
    </ClCompile>
    <ClCompile Include="box_fuzzer.cc">
      <Filter>Fichiers sources</Filter>
    </ClCompile>
    <ClCompile Include="box.cc">
      <Filter>Fichiers sources</Filter>
    </ClCompile>
    <ClCompile Include="bitstream.cc">
      <Filter>Fichiers sources</Filter>
    </ClCompile>
  </ItemGroup>
</Project>