<?xml version="1.0" encoding="utf-8"?>
<Project ToolsVersion="4.0" xmlns="http://schemas.microsoft.com/developer/msbuild/2003">
  <ItemGroup>
    <Filter Include="Source Files">
      <UniqueIdentifier>{fd4c071c-6034-4d5b-86b3-243eb3c06e3c}</UniqueIdentifier>
      <Extensions>cpp;c;cxx;rc;def;r;odl;idl;hpj;bat</Extensions>
    </Filter>
    <Filter Include="Header Files">
      <UniqueIdentifier>{8345bb5d-59b5-44d9-9d70-8f84af34be8f}</UniqueIdentifier>
      <Extensions>h;hpp;hxx;hm;inl</Extensions>
    </Filter>
  </ItemGroup>
  <ItemGroup>
    <ClCompile Include="src\adjustment.c">
      <Filter>Source Files</Filter>
    </ClCompile>
    <ClCompile Include="src\bevel_emboss.c">
      <Filter>Source Files</Filter>
    </ClCompile>
    <ClCompile Include="src\bitmap.c">
      <Filter>Source Files</Filter>
    </ClCompile>
    <ClCompile Include="src\blend.c">
      <Filter>Source Files</Filter>
    </ClCompile>
    <ClCompile Include="src\boundary.c">
      <Filter>Source Files</Filter>
    </ClCompile>
    <ClCompile Include="src\brightness_contrast.c">
      <Filter>Source Files</Filter>
    </ClCompile>
    <ClCompile Include="src\channel_image.c">
      <Filter>Source Files</Filter>
    </ClCompile>
    <ClCompile Include="src\channel_mixer.c">
      <Filter>Source Files</Filter>
    </ClCompile>
    <ClCompile Include="src\color.c">
      <Filter>Source Files</Filter>
    </ClCompile>
    <ClCompile Include="src\color_balance.c">
      <Filter>Source Files</Filter>
    </ClCompile>
    <ClCompile Include="src\color_mode.c">
      <Filter>Source Files</Filter>
    </ClCompile>
    <ClCompile Include="src\color_overlay.c">
      <Filter>Source Files</Filter>
    </ClCompile>
    <ClCompile Include="src\curves.c">
      <Filter>Source Files</Filter>
    </ClCompile>
    <ClCompile Include="src\descriptor.c">
      <Filter>Source Files</Filter>
    </ClCompile>
    <ClCompile Include="src\drop_shadow.c">
      <Filter>Source Files</Filter>
    </ClCompile>
    <ClCompile Include="src\effects.c">
      <Filter>Source Files</Filter>
    </ClCompile>
    <ClCompile Include="src\file_header.c">
      <Filter>Source Files</Filter>
    </ClCompile>
    <ClCompile Include="src\fixed.c">
      <Filter>Source Files</Filter>
    </ClCompile>
    <ClCompile Include="src\gaussian_blur.c">
      <Filter>Source Files</Filter>
    </ClCompile>
    <ClCompile Include="src\gradient_blend.c">
      <Filter>Source Files</Filter>
    </ClCompile>
    <ClCompile Include="src\gradient_fill.c">
      <Filter>Source Files</Filter>
    </ClCompile>
    <ClCompile Include="src\gradient_map.c">
      <Filter>Source Files</Filter>
    </ClCompile>
    <ClCompile Include="src\gradient_overlay.c">
      <Filter>Source Files</Filter>
    </ClCompile>
    <ClCompile Include="src\hue_saturation.c">
      <Filter>Source Files</Filter>
    </ClCompile>
    <ClCompile Include="src\image_data.c">
      <Filter>Source Files</Filter>
    </ClCompile>
    <ClCompile Include="src\image_resource.c">
      <Filter>Source Files</Filter>
    </ClCompile>
    <ClCompile Include="src\inner_glow.c">
      <Filter>Source Files</Filter>
    </ClCompile>
    <ClCompile Include="src\inner_shadow.c">
      <Filter>Source Files</Filter>
    </ClCompile>
    <ClCompile Include="src\invert.c">
      <Filter>Source Files</Filter>
    </ClCompile>
    <ClCompile Include="src\layer_mask.c">
      <Filter>Source Files</Filter>
    </ClCompile>
    <ClCompile Include="src\levels.c">
      <Filter>Source Files</Filter>
    </ClCompile>
    <ClCompile Include="src\outer_glow.c">
      <Filter>Source Files</Filter>
    </ClCompile>
    <ClCompile Include="src\path.c">
      <Filter>Source Files</Filter>
    </ClCompile>
    <ClCompile Include="src\pattern.c">
      <Filter>Source Files</Filter>
    </ClCompile>
    <ClCompile Include="src\pattern_fill.c">
      <Filter>Source Files</Filter>
    </ClCompile>
    <ClCompile Include="src\pattern_overlay.c">
      <Filter>Source Files</Filter>
    </ClCompile>
    <ClCompile Include="src\photo_filter.c">
      <Filter>Source Files</Filter>
    </ClCompile>
    <ClCompile Include="src\posterize.c">
      <Filter>Source Files</Filter>
    </ClCompile>
    <ClCompile Include="src\psd.c">
      <Filter>Source Files</Filter>
    </ClCompile>
    <ClCompile Include="src\psd_system.c">
      <Filter>Source Files</Filter>
    </ClCompile>
    <ClCompile Include="src\psd_zip.c">
      <Filter>Source Files</Filter>
    </ClCompile>
    <ClCompile Include="src\rect.c">
      <Filter>Source Files</Filter>
    </ClCompile>
    <ClCompile Include="src\satin.c">
      <Filter>Source Files</Filter>
    </ClCompile>
    <ClCompile Include="src\selective_color.c">
      <Filter>Source Files</Filter>
    </ClCompile>
    <ClCompile Include="src\solid_color.c">
      <Filter>Source Files</Filter>
    </ClCompile>
    <ClCompile Include="src\stream.c">
      <Filter>Source Files</Filter>
    </ClCompile>
    <ClCompile Include="src\stroke.c">
      <Filter>Source Files</Filter>
    </ClCompile>
    <ClCompile Include="src\threshold.c">
      <Filter>Source Files</Filter>
    </ClCompile>
    <ClCompile Include="src\thumbnail.c">
      <Filter>Source Files</Filter>
    </ClCompile>
    <ClCompile Include="src\type_tool.c">
      <Filter>Source Files</Filter>
    </ClCompile>
  </ItemGroup>
  <ItemGroup>
    <ClInclude Include="include\libpsd.h">
      <Filter>Header Files</Filter>
    </ClInclude>
    <ClInclude Include="include\psd_bitmap.h">
      <Filter>Header Files</Filter>
    </ClInclude>
    <ClInclude Include="include\psd_blend.h">
      <Filter>Header Files</Filter>
    </ClInclude>
    <ClInclude Include="include\psd_color.h">
      <Filter>Header Files</Filter>
    </ClInclude>
    <ClInclude Include="include\psd_config.h">
      <Filter>Header Files</Filter>
    </ClInclude>
    <ClInclude Include="include\psd_descriptor.h">
      <Filter>Header Files</Filter>
    </ClInclude>
    <ClInclude Include="include\psd_fixed.h">
      <Filter>Header Files</Filter>
    </ClInclude>
    <ClInclude Include="include\psd_gradient.h">
      <Filter>Header Files</Filter>
    </ClInclude>
    <ClInclude Include="include\psd_math.h">
      <Filter>Header Files</Filter>
    </ClInclude>
    <ClInclude Include="include\psd_rect.h">
      <Filter>Header Files</Filter>
    </ClInclude>
    <ClInclude Include="include\psd_stream.h">
      <Filter>Header Files</Filter>
    </ClInclude>
    <ClInclude Include="include\psd_system.h">
      <Filter>Header Files</Filter>
    </ClInclude>
    <ClInclude Include="include\psd_types.h">
      <Filter>Header Files</Filter>
    </ClInclude>
  </ItemGroup>
</Project>