<?xml version="1.0" encoding="utf-8"?>
<Project ToolsVersion="4.0" xmlns="http://schemas.microsoft.com/developer/msbuild/2003">
  <ItemGroup>
    <Filter Include="Fichiers sources">
      <UniqueIdentifier>{4FC737F1-C7A5-4376-A066-2A32D752A2FF}</UniqueIdentifier>
      <Extensions>cpp;c;cc;cxx;def;odl;idl;hpj;bat;asm;asmx</Extensions>
    </Filter>
    <Filter Include="Fichiers d%27en-tête">
      <UniqueIdentifier>{93995380-89BD-4b04-88EB-625FBE52EBFB}</UniqueIdentifier>
      <Extensions>h;hh;hpp;hxx;hm;inl;inc;ipp;xsd</Extensions>
    </Filter>
    <Filter Include="Fichiers de ressources">
      <UniqueIdentifier>{67DA6AB6-F800-4c08-8B7A-83BB121AAD01}</UniqueIdentifier>
      <Extensions>rc;ico;cur;bmp;dlg;rc2;rct;bin;rgs;gif;jpg;jpeg;jpe;resx;tiff;tif;png;wav;mfcribbon-ms</Extensions>
    </Filter>
  </ItemGroup>
  <ItemGroup>
    <ClCompile Include="..\..\libextern\qpdf-master\libqpdf\BitStream.cc">
      <Filter>Fichiers sources</Filter>
    </ClCompile>
    <ClCompile Include="..\..\libextern\qpdf-master\libqpdf\BitWriter.cc">
      <Filter>Fichiers sources</Filter>
    </ClCompile>
    <ClCompile Include="..\..\libextern\qpdf-master\libqpdf\Buffer.cc">
      <Filter>Fichiers sources</Filter>
    </ClCompile>
    <ClCompile Include="..\..\libextern\qpdf-master\libqpdf\BufferInputSource.cc">
      <Filter>Fichiers sources</Filter>
    </ClCompile>
    <ClCompile Include="..\..\libextern\qpdf-master\libqpdf\ClosedFileInputSource.cc">
      <Filter>Fichiers sources</Filter>
    </ClCompile>
    <ClCompile Include="..\..\libextern\qpdf-master\libqpdf\ContentNormalizer.cc">
      <Filter>Fichiers sources</Filter>
    </ClCompile>
    <ClCompile Include="..\..\libextern\qpdf-master\libqpdf\FileInputSource.cc">
      <Filter>Fichiers sources</Filter>
    </ClCompile>
    <ClCompile Include="..\..\libextern\qpdf-master\libqpdf\InputSource.cc">
      <Filter>Fichiers sources</Filter>
    </ClCompile>
    <ClCompile Include="..\..\libextern\qpdf-master\libqpdf\InsecureRandomDataProvider.cc">
      <Filter>Fichiers sources</Filter>
    </ClCompile>
    <ClCompile Include="..\..\libextern\qpdf-master\libqpdf\JSON.cc">
      <Filter>Fichiers sources</Filter>
    </ClCompile>
    <ClCompile Include="..\..\libextern\qpdf-master\libqpdf\MD5.cc">
      <Filter>Fichiers sources</Filter>
    </ClCompile>
    <ClCompile Include="..\..\libextern\qpdf-master\libqpdf\OffsetInputSource.cc">
      <Filter>Fichiers sources</Filter>
    </ClCompile>
    <ClCompile Include="..\..\libextern\qpdf-master\libqpdf\Pipeline.cc">
      <Filter>Fichiers sources</Filter>
    </ClCompile>
    <ClCompile Include="..\..\libextern\qpdf-master\libqpdf\Pl_AES_PDF.cc">
      <Filter>Fichiers sources</Filter>
    </ClCompile>
    <ClCompile Include="..\..\libextern\qpdf-master\libqpdf\Pl_ASCII85Decoder.cc">
      <Filter>Fichiers sources</Filter>
    </ClCompile>
    <ClCompile Include="..\..\libextern\qpdf-master\libqpdf\Pl_ASCIIHexDecoder.cc">
      <Filter>Fichiers sources</Filter>
    </ClCompile>
    <ClCompile Include="..\..\libextern\qpdf-master\libqpdf\Pl_Buffer.cc">
      <Filter>Fichiers sources</Filter>
    </ClCompile>
    <ClCompile Include="..\..\libextern\qpdf-master\libqpdf\Pl_Concatenate.cc">
      <Filter>Fichiers sources</Filter>
    </ClCompile>
    <ClCompile Include="..\..\libextern\qpdf-master\libqpdf\Pl_Count.cc">
      <Filter>Fichiers sources</Filter>
    </ClCompile>
    <ClCompile Include="..\..\libextern\qpdf-master\libqpdf\Pl_DCT.cc">
      <Filter>Fichiers sources</Filter>
    </ClCompile>
    <ClCompile Include="..\..\libextern\qpdf-master\libqpdf\Pl_Discard.cc">
      <Filter>Fichiers sources</Filter>
    </ClCompile>
    <ClCompile Include="..\..\libextern\qpdf-master\libqpdf\Pl_Flate.cc">
      <Filter>Fichiers sources</Filter>
    </ClCompile>
    <ClCompile Include="..\..\libextern\qpdf-master\libqpdf\Pl_LZWDecoder.cc">
      <Filter>Fichiers sources</Filter>
    </ClCompile>
    <ClCompile Include="..\..\libextern\qpdf-master\libqpdf\Pl_MD5.cc">
      <Filter>Fichiers sources</Filter>
    </ClCompile>
    <ClCompile Include="..\..\libextern\qpdf-master\libqpdf\Pl_PNGFilter.cc">
      <Filter>Fichiers sources</Filter>
    </ClCompile>
    <ClCompile Include="..\..\libextern\qpdf-master\libqpdf\Pl_QPDFTokenizer.cc">
      <Filter>Fichiers sources</Filter>
    </ClCompile>
    <ClCompile Include="..\..\libextern\qpdf-master\libqpdf\Pl_RC4.cc">
      <Filter>Fichiers sources</Filter>
    </ClCompile>
    <ClCompile Include="..\..\libextern\qpdf-master\libqpdf\Pl_RunLength.cc">
      <Filter>Fichiers sources</Filter>
    </ClCompile>
    <ClCompile Include="..\..\libextern\qpdf-master\libqpdf\Pl_SHA2.cc">
      <Filter>Fichiers sources</Filter>
    </ClCompile>
    <ClCompile Include="..\..\libextern\qpdf-master\libqpdf\Pl_StdioFile.cc">
      <Filter>Fichiers sources</Filter>
    </ClCompile>
    <ClCompile Include="..\..\libextern\qpdf-master\libqpdf\Pl_TIFFPredictor.cc">
      <Filter>Fichiers sources</Filter>
    </ClCompile>
    <ClCompile Include="..\..\libextern\qpdf-master\libqpdf\QPDF.cc">
      <Filter>Fichiers sources</Filter>
    </ClCompile>
    <ClCompile Include="..\..\libextern\qpdf-master\libqpdf\QPDF_Array.cc">
      <Filter>Fichiers sources</Filter>
    </ClCompile>
    <ClCompile Include="..\..\libextern\qpdf-master\libqpdf\QPDF_Bool.cc">
      <Filter>Fichiers sources</Filter>
    </ClCompile>
    <ClCompile Include="..\..\libextern\qpdf-master\libqpdf\QPDF_Dictionary.cc">
      <Filter>Fichiers sources</Filter>
    </ClCompile>
    <ClCompile Include="..\..\libextern\qpdf-master\libqpdf\QPDF_encryption.cc">
      <Filter>Fichiers sources</Filter>
    </ClCompile>
    <ClCompile Include="..\..\libextern\qpdf-master\libqpdf\QPDF_InlineImage.cc">
      <Filter>Fichiers sources</Filter>
    </ClCompile>
    <ClCompile Include="..\..\libextern\qpdf-master\libqpdf\QPDF_Integer.cc">
      <Filter>Fichiers sources</Filter>
    </ClCompile>
    <ClCompile Include="..\..\libextern\qpdf-master\libqpdf\QPDF_linearization.cc">
      <Filter>Fichiers sources</Filter>
    </ClCompile>
    <ClCompile Include="..\..\libextern\qpdf-master\libqpdf\QPDF_Name.cc">
      <Filter>Fichiers sources</Filter>
    </ClCompile>
    <ClCompile Include="..\..\libextern\qpdf-master\libqpdf\QPDF_Null.cc">
      <Filter>Fichiers sources</Filter>
    </ClCompile>
    <ClCompile Include="..\..\libextern\qpdf-master\libqpdf\QPDF_Operator.cc">
      <Filter>Fichiers sources</Filter>
    </ClCompile>
    <ClCompile Include="..\..\libextern\qpdf-master\libqpdf\QPDF_optimization.cc">
      <Filter>Fichiers sources</Filter>
    </ClCompile>
    <ClCompile Include="..\..\libextern\qpdf-master\libqpdf\QPDF_pages.cc">
      <Filter>Fichiers sources</Filter>
    </ClCompile>
    <ClCompile Include="..\..\libextern\qpdf-master\libqpdf\QPDF_Real.cc">
      <Filter>Fichiers sources</Filter>
    </ClCompile>
    <ClCompile Include="..\..\libextern\qpdf-master\libqpdf\QPDF_Reserved.cc">
      <Filter>Fichiers sources</Filter>
    </ClCompile>
    <ClCompile Include="..\..\libextern\qpdf-master\libqpdf\QPDF_Stream.cc">
      <Filter>Fichiers sources</Filter>
    </ClCompile>
    <ClCompile Include="..\..\libextern\qpdf-master\libqpdf\QPDF_String.cc">
      <Filter>Fichiers sources</Filter>
    </ClCompile>
    <ClCompile Include="..\..\libextern\qpdf-master\libqpdf\QPDFAcroFormDocumentHelper.cc">
      <Filter>Fichiers sources</Filter>
    </ClCompile>
    <ClCompile Include="..\..\libextern\qpdf-master\libqpdf\QPDFAnnotationObjectHelper.cc">
      <Filter>Fichiers sources</Filter>
    </ClCompile>
    <ClCompile Include="..\..\libextern\qpdf-master\libqpdf\qpdf-c.cc">
      <Filter>Fichiers sources</Filter>
    </ClCompile>
    <ClCompile Include="..\..\libextern\qpdf-master\libqpdf\QPDFExc.cc">
      <Filter>Fichiers sources</Filter>
    </ClCompile>
    <ClCompile Include="..\..\libextern\qpdf-master\libqpdf\QPDFFormFieldObjectHelper.cc">
      <Filter>Fichiers sources</Filter>
    </ClCompile>
    <ClCompile Include="..\..\libextern\qpdf-master\libqpdf\QPDFMatrix.cc">
      <Filter>Fichiers sources</Filter>
    </ClCompile>
    <ClCompile Include="..\..\libextern\qpdf-master\libqpdf\QPDFNameTreeObjectHelper.cc">
      <Filter>Fichiers sources</Filter>
    </ClCompile>
    <ClCompile Include="..\..\libextern\qpdf-master\libqpdf\QPDFNumberTreeObjectHelper.cc">
      <Filter>Fichiers sources</Filter>
    </ClCompile>
    <ClCompile Include="..\..\libextern\qpdf-master\libqpdf\QPDFObject.cc">
      <Filter>Fichiers sources</Filter>
    </ClCompile>
    <ClCompile Include="..\..\libextern\qpdf-master\libqpdf\QPDFObjectHandle.cc">
      <Filter>Fichiers sources</Filter>
    </ClCompile>
    <ClCompile Include="..\..\libextern\qpdf-master\libqpdf\QPDFObjGen.cc">
      <Filter>Fichiers sources</Filter>
    </ClCompile>
    <ClCompile Include="..\..\libextern\qpdf-master\libqpdf\QPDFOutlineDocumentHelper.cc">
      <Filter>Fichiers sources</Filter>
    </ClCompile>
    <ClCompile Include="..\..\libextern\qpdf-master\libqpdf\QPDFOutlineObjectHelper.cc">
      <Filter>Fichiers sources</Filter>
    </ClCompile>
    <ClCompile Include="..\..\libextern\qpdf-master\libqpdf\QPDFPageDocumentHelper.cc">
      <Filter>Fichiers sources</Filter>
    </ClCompile>
    <ClCompile Include="..\..\libextern\qpdf-master\libqpdf\QPDFPageLabelDocumentHelper.cc">
      <Filter>Fichiers sources</Filter>
    </ClCompile>
    <ClCompile Include="..\..\libextern\qpdf-master\libqpdf\QPDFPageObjectHelper.cc">
      <Filter>Fichiers sources</Filter>
    </ClCompile>
    <ClCompile Include="..\..\libextern\qpdf-master\libqpdf\QPDFSystemError.cc">
      <Filter>Fichiers sources</Filter>
    </ClCompile>
    <ClCompile Include="..\..\libextern\qpdf-master\libqpdf\QPDFTokenizer.cc">
      <Filter>Fichiers sources</Filter>
    </ClCompile>
    <ClCompile Include="..\..\libextern\qpdf-master\libqpdf\QPDFWriter.cc">
      <Filter>Fichiers sources</Filter>
    </ClCompile>
    <ClCompile Include="..\..\libextern\qpdf-master\libqpdf\QPDFXRefEntry.cc">
      <Filter>Fichiers sources</Filter>
    </ClCompile>
    <ClCompile Include="..\..\libextern\qpdf-master\libqpdf\QTC.cc">
      <Filter>Fichiers sources</Filter>
    </ClCompile>
    <ClCompile Include="..\..\libextern\qpdf-master\libqpdf\QUtil.cc">
      <Filter>Fichiers sources</Filter>
    </ClCompile>
    <ClCompile Include="..\..\libextern\qpdf-master\libqpdf\RC4.cc">
      <Filter>Fichiers sources</Filter>
    </ClCompile>
    <ClCompile Include="..\..\libextern\qpdf-master\libqpdf\rijndael.cc">
      <Filter>Fichiers sources</Filter>
    </ClCompile>
    <ClCompile Include="..\..\libextern\qpdf-master\libqpdf\SecureRandomDataProvider.cc">
      <Filter>Fichiers sources</Filter>
    </ClCompile>
    <ClCompile Include="..\..\libextern\qpdf-master\libqpdf\sha2.c">
      <Filter>Fichiers sources</Filter>
    </ClCompile>
    <ClCompile Include="..\..\libextern\qpdf-master\libqpdf\sha2big.c">
      <Filter>Fichiers sources</Filter>
    </ClCompile>
    <ClCompile Include="..\..\libextern\qpdf-master\libqpdf\SparseOHArray.cc">
      <Filter>Fichiers sources</Filter>
    </ClCompile>
  </ItemGroup>
</Project>