<?xml version="1.0" encoding="utf-8"?>
<Project ToolsVersion="4.0" xmlns="http://schemas.microsoft.com/developer/msbuild/2003">
  <ItemGroup>
    <ClCompile Include="raw.cpp">
      <Filter>libraw</Filter>
    </ClCompile>
    <ClCompile Include="avif.cpp">
      <Filter>Source Files</Filter>
    </ClCompile>
    <ClCompile Include="avif_heif.cpp">
      <Filter>Source Files</Filter>
    </ClCompile>
    <ClCompile Include="..\include\header.cpp">
      <Filter>Source Files</Filter>
    </ClCompile>
    <ClCompile Include="Heic.cpp">
      <Filter>Source Files</Filter>
    </ClCompile>
    <ClCompile Include="libPicture.cpp">
      <Filter>Source Files</Filter>
    </ClCompile>
    <ClCompile Include="pfm.cpp">
      <Filter>Source Files</Filter>
    </ClCompile>
    <ClCompile Include="PictureData.cpp">
      <Filter>Source Files</Filter>
    </ClCompile>
    <ClCompile Include="ScaleThumbnail.cpp">
      <Filter>Source Files</Filter>
    </ClCompile>
    <ClCompile Include="DecodeRawPicture.cpp">
      <Filter>libraw</Filter>
    </ClCompile>
    <ClCompile Include="RegardsRaw.cpp">
      <Filter>libraw</Filter>
    </ClCompile>
  </ItemGroup>
  <ItemGroup>
    <ClInclude Include="raw.h">
      <Filter>libraw</Filter>
    </ClInclude>
    <ClInclude Include="avif.h">
      <Filter>Header Files</Filter>
    </ClInclude>
    <ClInclude Include="avif_heif.h">
      <Filter>Header Files</Filter>
    </ClInclude>
    <ClInclude Include="..\include\header.h">
      <Filter>Header Files</Filter>
    </ClInclude>
    <ClInclude Include="Heic.h">
      <Filter>Header Files</Filter>
    </ClInclude>
    <ClInclude Include="libPicture.h">
      <Filter>Header Files</Filter>
    </ClInclude>
    <ClInclude Include="pfm.h">
      <Filter>Header Files</Filter>
    </ClInclude>
    <ClInclude Include="PictureData.h">
      <Filter>Header Files</Filter>
    </ClInclude>
    <ClInclude Include="ScaleThumbnail.h">
      <Filter>Header Files</Filter>
    </ClInclude>
    <ClInclude Include="yuv420.h">
      <Filter>Header Files</Filter>
    </ClInclude>
    <ClInclude Include="yuv422.h">
      <Filter>Header Files</Filter>
    </ClInclude>
    <ClInclude Include="DecodeRawPicture.h">
      <Filter>libraw</Filter>
    </ClInclude>
    <ClInclude Include="RegardsRaw.h">
      <Filter>libraw</Filter>
    </ClInclude>
  </ItemGroup>
  <ItemGroup>
    <Text Include="ReadMe.txt" />
  </ItemGroup>
  <ItemGroup>
    <Filter Include="libraw">
      <UniqueIdentifier>{6d304466-c5dd-4fbb-8296-ff7fa45f1a85}</UniqueIdentifier>
    </Filter>
    <Filter Include="Source Files">
      <UniqueIdentifier>{171997b6-0563-426c-a765-ab5ed07e7360}</UniqueIdentifier>
    </Filter>
    <Filter Include="Header Files">
      <UniqueIdentifier>{95cffec1-0d5c-4c2e-98fe-d6dc70ca6b6a}</UniqueIdentifier>
    </Filter>
  </ItemGroup>
</Project>